
Microsoft Visual Studio Solution File, Format Version 11.00
# Visual Studio 2010
Project("{FAE04EC0-301F-11D3-BF4B-00C04F79EFBC}") = "Communication Software for FANUC", "Communication Software for FANUC.csproj", "{9BAC6ACF-1D8F-4674-9BB0-EE3B77840986}"
EndProject
Global
	GlobalSection(SolutionConfigurationPlatforms) = preSolution
		Debug|Any CPU = Debug|Any CPU
		Release|Any CPU = Release|Any CPU
	EndGlobalSection
	GlobalSection(ProjectConfigurationPlatforms) = postSolution
		{9BAC6ACF-1D8F-4674-9BB0-EE3B77840986}.Debug|Any CPU.ActiveCfg = Debug|Any CPU
		{9BAC6ACF-1D8F-4674-9BB0-EE3B77840986}.Debug|Any CPU.Build.0 = Debug|Any CPU
		{9BAC6ACF-1D8F-4674-9BB0-EE3B77840986}.Release|Any CPU.ActiveCfg = Release|Any CPU
		{9BAC6ACF-1D8F-4674-9BB0-EE3B77840986}.Release|Any CPU.Build.0 = Release|Any CPU
	EndGlobalSection
	GlobalSection(SolutionProperties) = preSolution
		HideSolutionNode = FALSE
	EndGlobalSection
EndGlobal
